
Microsoft Visual Studio Solution File, Format Version 12.00
# Visual Studio 15
VisualStudioVersion = 15.0.34031.82
MinimumVisualStudioVersion = 10.0.40219.1
Project("{FAE04EC0-301F-11D3-BF4B-00C04F79EFBC}") = "QLNhaHang", "QLNhaHang\QLNhaHang.csproj", "{6C4A4B24-45BB-473B-B33D-F75591337811}"
EndProject
Project("{FAE04EC0-301F-11D3-BF4B-00C04F79EFBC}") = "DTO", "DTO\DTO.csproj", "{707492CA-800F-41F4-A6A0-98D01F8A2F77}"
EndProject
Project("{FAE04EC0-301F-11D3-BF4B-00C04F79EFBC}") = "DAO", "DAO\DAO.csproj", "{7CC698F0-81E4-40BD-9847-019D81F94E7D}"
EndProject
Global
	GlobalSection(SolutionConfigurationPlatforms) = preSolution
		Debug|Any CPU = Debug|Any CPU
		Debug|ARM = Debug|ARM
		Debug|ARM64 = Debug|ARM64
		Debug|x64 = Debug|x64
		Debug|x86 = Debug|x86
		Release|Any CPU = Release|Any CPU
		Release|ARM = Release|ARM
		Release|ARM64 = Release|ARM64
		Release|x64 = Release|x64
		Release|x86 = Release|x86
	EndGlobalSection
	GlobalSection(ProjectConfigurationPlatforms) = postSolution
		{6C4A4B24-45BB-473B-B33D-F75591337811}.Debug|Any CPU.ActiveCfg = Debug|Any CPU
		{6C4A4B24-45BB-473B-B33D-F75591337811}.Debug|Any CPU.Build.0 = Debug|Any CPU
		{6C4A4B24-45BB-473B-B33D-F75591337811}.Debug|ARM.ActiveCfg = Debug|Any CPU
		{6C4A4B24-45BB-473B-B33D-F75591337811}.Debug|ARM.Build.0 = Debug|Any CPU
		{6C4A4B24-45BB-473B-B33D-F75591337811}.Debug|ARM64.ActiveCfg = Debug|Any CPU
		{6C4A4B24-45BB-473B-B33D-F75591337811}.Debug|ARM64.Build.0 = Debug|Any CPU
		{6C4A4B24-45BB-473B-B33D-F75591337811}.Debug|x64.ActiveCfg = Debug|Any CPU
		{6C4A4B24-45BB-473B-B33D-F75591337811}.Debug|x64.Build.0 = Debug|Any CPU
		{6C4A4B24-45BB-473B-B33D-F75591337811}.Debug|x86.ActiveCfg = Debug|Any CPU
		{6C4A4B24-45BB-473B-B33D-F75591337811}.Debug|x86.Build.0 = Debug|Any CPU
		{6C4A4B24-45BB-473B-B33D-F75591337811}.Release|Any CPU.ActiveCfg = Release|Any CPU
		{6C4A4B24-45BB-473B-B33D-F75591337811}.Release|Any CPU.Build.0 = Release|Any CPU
		{6C4A4B24-45BB-473B-B33D-F75591337811}.Release|ARM.ActiveCfg = Release|Any CPU
		{6C4A4B24-45BB-473B-B33D-F75591337811}.Release|ARM.Build.0 = Release|Any CPU
		{6C4A4B24-45BB-473B-B33D-F75591337811}.Release|ARM64.ActiveCfg = Release|Any CPU
		{6C4A4B24-45BB-473B-B33D-F75591337811}.Release|ARM64.Build.0 = Release|Any CPU
		{6C4A4B24-45BB-473B-B33D-F75591337811}.Release|x64.ActiveCfg = Release|Any CPU
		{6C4A4B24-45BB-473B-B33D-F75591337811}.Release|x64.Build.0 = Release|Any CPU
		{6C4A4B24-45BB-473B-B33D-F75591337811}.Release|x86.ActiveCfg = Release|Any CPU
		{6C4A4B24-45BB-473B-B33D-F75591337811}.Release|x86.Build.0 = Release|Any CPU
		{707492CA-800F-41F4-A6A0-98D01F8A2F77}.Debug|Any CPU.ActiveCfg = Debug|Any CPU
		{707492CA-800F-41F4-A6A0-98D01F8A2F77}.Debug|Any CPU.Build.0 = Debug|Any CPU
		{707492CA-800F-41F4-A6A0-98D01F8A2F77}.Debug|ARM.ActiveCfg = Debug|Any CPU
		{707492CA-800F-41F4-A6A0-98D01F8A2F77}.Debug|ARM.Build.0 = Debug|Any CPU
		{707492CA-800F-41F4-A6A0-98D01F8A2F77}.Debug|ARM64.ActiveCfg = Debug|Any CPU
		{707492CA-800F-41F4-A6A0-98D01F8A2F77}.Debug|ARM64.Build.0 = Debug|Any CPU
		{707492CA-800F-41F4-A6A0-98D01F8A2F77}.Debug|x64.ActiveCfg = Debug|Any CPU
		{707492CA-800F-41F4-A6A0-98D01F8A2F77}.Debug|x64.Build.0 = Debug|Any CPU
		{707492CA-800F-41F4-A6A0-98D01F8A2F77}.Debug|x86.ActiveCfg = Debug|Any CPU
		{707492CA-800F-41F4-A6A0-98D01F8A2F77}.Debug|x86.Build.0 = Debug|Any CPU
		{707492CA-800F-41F4-A6A0-98D01F8A2F77}.Release|Any CPU.ActiveCfg = Release|Any CPU
		{707492CA-800F-41F4-A6A0-98D01F8A2F77}.Release|Any CPU.Build.0 = Release|Any CPU
		{707492CA-800F-41F4-A6A0-98D01F8A2F77}.Release|ARM.ActiveCfg = Release|Any CPU
		{707492CA-800F-41F4-A6A0-98D01F8A2F77}.Release|ARM.Build.0 = Release|Any CPU
		{707492CA-800F-41F4-A6A0-98D01F8A2F77}.Release|ARM64.ActiveCfg = Release|Any CPU
		{707492CA-800F-41F4-A6A0-98D01F8A2F77}.Release|ARM64.Build.0 = Release|Any CPU
		{707492CA-800F-41F4-A6A0-98D01F8A2F77}.Release|x64.ActiveCfg = Release|Any CPU
		{707492CA-800F-41F4-A6A0-98D01F8A2F77}.Release|x64.Build.0 = Release|Any CPU
		{707492CA-800F-41F4-A6A0-98D01F8A2F77}.Release|x86.ActiveCfg = Release|Any CPU
		{707492CA-800F-41F4-A6A0-98D01F8A2F77}.Release|x86.Build.0 = Release|Any CPU
		{7CC698F0-81E4-40BD-9847-019D81F94E7D}.Debug|Any CPU.ActiveCfg = Debug|Any CPU
		{7CC698F0-81E4-40BD-9847-019D81F94E7D}.Debug|Any CPU.Build.0 = Debug|Any CPU
		{7CC698F0-81E4-40BD-9847-019D81F94E7D}.Debug|ARM.ActiveCfg = Debug|Any CPU
		{7CC698F0-81E4-40BD-9847-019D81F94E7D}.Debug|ARM.Build.0 = Debug|Any CPU
		{7CC698F0-81E4-40BD-9847-019D81F94E7D}.Debug|ARM64.ActiveCfg = Debug|Any CPU
		{7CC698F0-81E4-40BD-9847-019D81F94E7D}.Debug|ARM64.Build.0 = Debug|Any CPU
		{7CC698F0-81E4-40BD-9847-019D81F94E7D}.Debug|x64.ActiveCfg = Debug|Any CPU
		{7CC698F0-81E4-40BD-9847-019D81F94E7D}.Debug|x64.Build.0 = Debug|Any CPU
		{7CC698F0-81E4-40BD-9847-019D81F94E7D}.Debug|x86.ActiveCfg = Debug|Any CPU
		{7CC698F0-81E4-40BD-9847-019D81F94E7D}.Debug|x86.Build.0 = Debug|Any CPU
		{7CC698F0-81E4-40BD-9847-019D81F94E7D}.Release|Any CPU.ActiveCfg = Release|Any CPU
		{7CC698F0-81E4-40BD-9847-019D81F94E7D}.Release|Any CPU.Build.0 = Release|Any CPU
		{7CC698F0-81E4-40BD-9847-019D81F94E7D}.Release|ARM.ActiveCfg = Release|Any CPU
		{7CC698F0-81E4-40BD-9847-019D81F94E7D}.Release|ARM.Build.0 = Release|Any CPU
		{7CC698F0-81E4-40BD-9847-019D81F94E7D}.Release|ARM64.ActiveCfg = Release|Any CPU
		{7CC698F0-81E4-40BD-9847-019D81F94E7D}.Release|ARM64.Build.0 = Release|Any CPU
		{7CC698F0-81E4-40BD-9847-019D81F94E7D}.Release|x64.ActiveCfg = Release|Any CPU
		{7CC698F0-81E4-40BD-9847-019D81F94E7D}.Release|x64.Build.0 = Release|Any CPU
		{7CC698F0-81E4-40BD-9847-019D81F94E7D}.Release|x86.ActiveCfg = Release|Any CPU
		{7CC698F0-81E4-40BD-9847-019D81F94E7D}.Release|x86.Build.0 = Release|Any CPU
	EndGlobalSection
	GlobalSection(SolutionProperties) = preSolution
		HideSolutionNode = FALSE
	EndGlobalSection
	GlobalSection(ExtensibilityGlobals) = postSolution
		SolutionGuid = {347254F3-FB35-4751-BDB8-131479584DCF}
	EndGlobalSection
EndGlobal
